// !$*UTF8*$!
{
	archiveVersion = 1;
	classes = {
	};
	objectVersion = 55;
	objects = {

/* Begin PBXBuildFile section */
		709D2F8728A473A100D1777E /* main.cpp in Sources */ = {isa = PBXBuildFile; fileRef = 709D2F8628A473A100D1777E /* main.cpp */; };
		709D2F8E28A4740C00D1777E /* Header.h in Sources */ = {isa = PBXBuildFile; fileRef = 709D2F8D28A4740C00D1777E /* Header.h */; };
		709D2F9028A4748C00D1777E /* Assign Rooms.cpp in Sources */ = {isa = PBXBuildFile; fileRef = 709D2F8F28A4748C00D1777E /* Assign Rooms.cpp */; };
		709D2F9228A474DD00D1777E /* Print Report.cpp in Sources */ = {isa = PBXBuildFile; fileRef = 709D2F9128A474DD00D1777E /* Print Report.cpp */; };
		709D2F9428A4751800D1777E /* ReadFile.cpp in Sources */ = {isa = PBXBuildFile; fileRef = 709D2F9328A4751700D1777E /* ReadFile.cpp */; };
		709D2F9628A4755300D1777E /* is_number.cpp in Sources */ = {isa = PBXBuildFile; fileRef = 709D2F9528A4755300D1777E /* is_number.cpp */; };
		709D2F9E28A47D1A00D1777E /* CS201PGM2Hotel.csv in CopyFiles */ = {isa = PBXBuildFile; fileRef = 709D2F9D28A47D1A00D1777E /* CS201PGM2Hotel.csv */; };
/* End PBXBuildFile section */

/* Begin PBXCopyFilesBuildPhase section */
		709D2F9C28A47D0600D1777E /* CopyFiles */ = {
			isa = PBXCopyFilesBuildPhase;
			buildActionMask = 2147483647;
			dstPath = "";
			dstSubfolderSpec = 16;
			files = (
				709D2F9E28A47D1A00D1777E /* CS201PGM2Hotel.csv in CopyFiles */,
			);
			runOnlyForDeploymentPostprocessing = 0;
		};
/* End PBXCopyFilesBuildPhase section */

/* Begin PBXFileReference section */
		709D2F8328A473A100D1777E /* KC Hotel */ = {isa = PBXFileReference; explicitFileType = "compiled.mach-o.executable"; includeInIndex = 0; path = "KC Hotel"; sourceTree = BUILT_PRODUCTS_DIR; };
		709D2F8628A473A100D1777E /* main.cpp */ = {isa = PBXFileReference; lastKnownFileType = sourcecode.cpp.cpp; path = main.cpp; sourceTree = "<group>"; };
		709D2F8D28A4740C00D1777E /* Header.h */ = {isa = PBXFileReference; explicitFileType = sourcecode.cpp.h; path = Header.h; sourceTree = "<group>"; };
		709D2F8F28A4748C00D1777E /* Assign Rooms.cpp */ = {isa = PBXFileReference; lastKnownFileType = sourcecode.cpp.cpp; path = "Assign Rooms.cpp"; sourceTree = "<group>"; };
		709D2F9128A474DD00D1777E /* Print Report.cpp */ = {isa = PBXFileReference; lastKnownFileType = sourcecode.cpp.cpp; path = "Print Report.cpp"; sourceTree = "<group>"; };
		709D2F9328A4751700D1777E /* ReadFile.cpp */ = {isa = PBXFileReference; lastKnownFileType = sourcecode.cpp.cpp; path = ReadFile.cpp; sourceTree = "<group>"; };
		709D2F9528A4755300D1777E /* is_number.cpp */ = {isa = PBXFileReference; lastKnownFileType = sourcecode.cpp.cpp; path = is_number.cpp; sourceTree = "<group>"; };
		709D2F9D28A47D1A00D1777E /* CS201PGM2Hotel.csv */ = {isa = PBXFileReference; lastKnownFileType = text; path = CS201PGM2Hotel.csv; sourceTree = "<group>"; };
/* End PBXFileReference section */

/* Begin PBXFrameworksBuildPhase section */
		709D2F8028A473A100D1777E /* Frameworks */ = {
			isa = PBXFrameworksBuildPhase;
			buildActionMask = 2147483647;
			files = (
			);
			runOnlyForDeploymentPostprocessing = 0;
		};
/* End PBXFrameworksBuildPhase section */

/* Begin PBXGroup section */
		709D2F7A28A473A100D1777E = {
			isa = PBXGroup;
			children = (
				709D2F9D28A47D1A00D1777E /* CS201PGM2Hotel.csv */,
				709D2F8528A473A100D1777E /* KC Hotel */,
				709D2F8428A473A100D1777E /* Products */,
			);
			sourceTree = "<group>";
		};
		709D2F8428A473A100D1777E /* Products */ = {
			isa = PBXGroup;
			children = (
				709D2F8328A473A100D1777E /* KC Hotel */,
			);
			name = Products;
			sourceTree = "<group>";
		};
		709D2F8528A473A100D1777E /* KC Hotel */ = {
			isa = PBXGroup;
			children = (
				709D2F8628A473A100D1777E /* main.cpp */,
				709D2F9328A4751700D1777E /* ReadFile.cpp */,
				709D2F9528A4755300D1777E /* is_number.cpp */,
				709D2F8F28A4748C00D1777E /* Assign Rooms.cpp */,
				709D2F9128A474DD00D1777E /* Print Report.cpp */,
				709D2F8D28A4740C00D1777E /* Header.h */,
			);
			path = "KC Hotel";
			sourceTree = "<group>";
		};
/* End PBXGroup section */

/* Begin PBXNativeTarget section */
		709D2F8228A473A100D1777E /* KC Hotel */ = {
			isa = PBXNativeTarget;
			buildConfigurationList = 709D2F8A28A473A100D1777E /* Build configuration list for PBXNativeTarget "KC Hotel" */;
			buildPhases = (
				709D2F7F28A473A100D1777E /* Sources */,
				709D2F8028A473A100D1777E /* Frameworks */,
				709D2F9C28A47D0600D1777E /* CopyFiles */,
			);
			buildRules = (
			);
			dependencies = (
			);
			name = "KC Hotel";
			productName = "KC Hotel";
			productReference = 709D2F8328A473A100D1777E /* KC Hotel */;
			productType = "com.apple.product-type.tool";
		};
/* End PBXNativeTarget section */

/* Begin PBXProject section */
		709D2F7B28A473A100D1777E /* Project object */ = {
			isa = PBXProject;
			attributes = {
				BuildIndependentTargetsInParallel = 1;
				LastUpgradeCheck = 1340;
				TargetAttributes = {
					709D2F8228A473A100D1777E = {
						CreatedOnToolsVersion = 13.4.1;
					};
				};
			};
			buildConfigurationList = 709D2F7E28A473A100D1777E /* Build configuration list for PBXProject "KC Hotel" */;
			compatibilityVersion = "Xcode 13.0";
			developmentRegion = en;
			hasScannedForEncodings = 0;
			knownRegions = (
				en,
				Base,
			);
			mainGroup = 709D2F7A28A473A100D1777E;
			productRefGroup = 709D2F8428A473A100D1777E /* Products */;
			projectDirPath = "";
			projectRoot = "";
			targets = (
				709D2F8228A473A100D1777E /* KC Hotel */,
			);
		};
/* End PBXProject section */

/* Begin PBXSourcesBuildPhase section */
		709D2F7F28A473A100D1777E /* Sources */ = {
			isa = PBXSourcesBuildPhase;
			buildActionMask = 2147483647;
			files = (
				709D2F9428A4751800D1777E /* ReadFile.cpp in Sources */,
				709D2F9028A4748C00D1777E /* Assign Rooms.cpp in Sources */,
				709D2F9628A4755300D1777E /* is_number.cpp in Sources */,
				709D2F8E28A4740C00D1777E /* Header.h in Sources */,
				709D2F9228A474DD00D1777E /* Print Report.cpp in Sources */,
				709D2F8728A473A100D1777E /* main.cpp in Sources */,
			);
			runOnlyForDeploymentPostprocessing = 0;
		};
/* End PBXSourcesBuildPhase section */

/* Begin XCBuildConfiguration section */
		709D2F8828A473A100D1777E /* Debug */ = {
			isa = XCBuildConfiguration;
			buildSettings = {
				ALWAYS_SEARCH_USER_PATHS = NO;
				CLANG_ANALYZER_NONNULL = YES;
				CLANG_ANALYZER_NUMBER_OBJECT_CONVERSION = YES_AGGRESSIVE;
				CLANG_CXX_LANGUAGE_STANDARD = "gnu++17";
				CLANG_ENABLE_MODULES = YES;
				CLANG_ENABLE_OBJC_ARC = YES;
				CLANG_ENABLE_OBJC_WEAK = YES;
				CLANG_WARN_BLOCK_CAPTURE_AUTORELEASING = YES;
				CLANG_WARN_BOOL_CONVERSION = YES;
				CLANG_WARN_COMMA = YES;
				CLANG_WARN_CONSTANT_CONVERSION = YES;
				CLANG_WARN_DEPRECATED_OBJC_IMPLEMENTATIONS = YES;
				CLANG_WARN_DIRECT_OBJC_ISA_USAGE = YES_ERROR;
				CLANG_WARN_DOCUMENTATION_COMMENTS = YES;
				CLANG_WARN_EMPTY_BODY = YES;
				CLANG_WARN_ENUM_CONVERSION = YES;
				CLANG_WARN_INFINITE_RECURSION = YES;
				CLANG_WARN_INT_CONVERSION = YES;
				CLANG_WARN_NON_LITERAL_NULL_CONVERSION = YES;
				CLANG_WARN_OBJC_IMPLICIT_RETAIN_SELF = YES;
				CLANG_WARN_OBJC_LITERAL_CONVERSION = YES;
				CLANG_WARN_OBJC_ROOT_CLASS = YES_ERROR;
				CLANG_WARN_QUOTED_INCLUDE_IN_FRAMEWORK_HEADER = YES;
				CLANG_WARN_RANGE_LOOP_ANALYSIS = YES;
				CLANG_WARN_STRICT_PROTOTYPES = YES;
				CLANG_WARN_SUSPICIOUS_MOVE = YES;
				CLANG_WARN_UNGUARDED_AVAILABILITY = YES_AGGRESSIVE;
				CLANG_WARN_UNREACHABLE_CODE = YES;
				CLANG_WARN__DUPLICATE_METHOD_MATCH = YES;
				COPY_PHASE_STRIP = NO;
				DEBUG_INFORMATION_FORMAT = dwarf;
				ENABLE_STRICT_OBJC_MSGSEND = YES;
				ENABLE_TESTABILITY = YES;
				GCC_C_LANGUAGE_STANDARD = gnu11;
				GCC_DYNAMIC_NO_PIC = NO;
				GCC_NO_COMMON_BLOCKS = YES;
				GCC_OPTIMIZATION_LEVEL = 0;
				GCC_PREPROCESSOR_DEFINITIONS = (
					"DEBUG=1",
					"$(inherited)",
				);
				GCC_WARN_64_TO_32_BIT_CONVERSION = YES;
				GCC_WARN_ABOUT_RETURN_TYPE = YES_ERROR;
				GCC_WARN_UNDECLARED_SELECTOR = YES;
				GCC_WARN_UNINITIALIZED_AUTOS = YES_AGGRESSIVE;
				GCC_WARN_UNUSED_FUNCTION = YES;
				GCC_WARN_UNUSED_VARIABLE = YES;
				MACOSX_DEPLOYMENT_TARGET = 12.3;
				MTL_ENABLE_DEBUG_INFO = INCLUDE_SOURCE;
				MTL_FAST_MATH = YES;
				ONLY_ACTIVE_ARCH = YES;
				SDKROOT = macosx;
			};
			name = Debug;
		};
		709D2F8928A473A100D1777E /* Release */ = {
			isa = XCBuildConfiguration;
			buildSettings = {
				ALWAYS_SEARCH_USER_PATHS = NO;
				CLANG_ANALYZER_NONNULL = YES;
				CLANG_ANALYZER_NUMBER_OBJECT_CONVERSION = YES_AGGRESSIVE;
				CLANG_CXX_LANGUAGE_STANDARD = "gnu++17";
				CLANG_ENABLE_MODULES = YES;
				CLANG_ENABLE_OBJC_ARC = YES;
				CLANG_ENABLE_OBJC_WEAK = YES;
				CLANG_WARN_BLOCK_CAPTURE_AUTORELEASING = YES;
				CLANG_WARN_BOOL_CONVERSION = YES;
				CLANG_WARN_COMMA = YES;
				CLANG_WARN_CONSTANT_CONVERSION = YES;
				CLANG_WARN_DEPRECATED_OBJC_IMPLEMENTATIONS = YES;
				CLANG_WARN_DIRECT_OBJC_ISA_USAGE = YES_ERROR;
				CLANG_WARN_DOCUMENTATION_COMMENTS = YES;
				CLANG_WARN_EMPTY_BODY = YES;
				CLANG_WARN_ENUM_CONVERSION = YES;
				CLANG_WARN_INFINITE_RECURSION = YES;
				CLANG_WARN_INT_CONVERSION = YES;
				CLANG_WARN_NON_LITERAL_NULL_CONVERSION = YES;
				CLANG_WARN_OBJC_IMPLICIT_RETAIN_SELF = YES;
				CLANG_WARN_OBJC_LITERAL_CONVERSION = YES;
				CLANG_WARN_OBJC_ROOT_CLASS = YES_ERROR;
				CLANG_WARN_QUOTED_INCLUDE_IN_FRAMEWORK_HEADER = YES;
				CLANG_WARN_RANGE_LOOP_ANALYSIS = YES;
				CLANG_WARN_STRICT_PROTOTYPES = YES;
				CLANG_WARN_SUSPICIOUS_MOVE = YES;
				CLANG_WARN_UNGUARDED_AVAILABILITY = YES_AGGRESSIVE;
				CLANG_WARN_UNREACHABLE_CODE = YES;
				CLANG_WARN__DUPLICATE_METHOD_MATCH = YES;
				COPY_PHASE_STRIP = NO;
				DEBUG_INFORMATION_FORMAT = "dwarf-with-dsym";
				ENABLE_NS_ASSERTIONS = NO;
				ENABLE_STRICT_OBJC_MSGSEND = YES;
				GCC_C_LANGUAGE_STANDARD = gnu11;
				GCC_NO_COMMON_BLOCKS = YES;
				GCC_WARN_64_TO_32_BIT_CONVERSION = YES;
				GCC_WARN_ABOUT_RETURN_TYPE = YES_ERROR;
				GCC_WARN_UNDECLARED_SELECTOR = YES;
				GCC_WARN_UNINITIALIZED_AUTOS = YES_AGGRESSIVE;
				GCC_WARN_UNUSED_FUNCTION = YES;
				GCC_WARN_UNUSED_VARIABLE = YES;
				MACOSX_DEPLOYMENT_TARGET = 12.3;
				MTL_ENABLE_DEBUG_INFO = NO;
				MTL_FAST_MATH = YES;
				SDKROOT = macosx;
			};
			name = Release;
		};
		709D2F8B28A473A100D1777E /* Debug */ = {
			isa = XCBuildConfiguration;
			buildSettings = {
				CODE_SIGN_STYLE = Automatic;
				DEVELOPMENT_TEAM = 32VHUL63A9;
				ENABLE_HARDENED_RUNTIME = YES;
				PRODUCT_NAME = "$(TARGET_NAME)";
			};
			name = Debug;
		};
		709D2F8C28A473A100D1777E /* Release */ = {
			isa = XCBuildConfiguration;
			buildSettings = {
				CODE_SIGN_STYLE = Automatic;
				DEVELOPMENT_TEAM = 32VHUL63A9;
				ENABLE_HARDENED_RUNTIME = YES;
				PRODUCT_NAME = "$(TARGET_NAME)";
			};
			name = Release;
		};
/* End XCBuildConfiguration section */

/* Begin XCConfigurationList section */
		709D2F7E28A473A100D1777E /* Build configuration list for PBXProject "KC Hotel" */ = {
			isa = XCConfigurationList;
			buildConfigurations = (
				709D2F8828A473A100D1777E /* Debug */,
				709D2F8928A473A100D1777E /* Release */,
			);
			defaultConfigurationIsVisible = 0;
			defaultConfigurationName = Release;
		};
		709D2F8A28A473A100D1777E /* Build configuration list for PBXNativeTarget "KC Hotel" */ = {
			isa = XCConfigurationList;
			buildConfigurations = (
				709D2F8B28A473A100D1777E /* Debug */,
				709D2F8C28A473A100D1777E /* Release */,
			);
			defaultConfigurationIsVisible = 0;
			defaultConfigurationName = Release;
		};
/* End XCConfigurationList section */
	};
	rootObject = 709D2F7B28A473A100D1777E /* Project object */;
}
